
Microsoft Visual Studio Solution File, Format Version 12.00
# Visual Studio Version 16
VisualStudioVersion = 16.0.31025.194
MinimumVisualStudioVersion = 10.0.40219.1
Project("{F184B08F-C81C-45F6-A57F-5ABD9991F28F}") = "PCNukerPro", "PCNukerPro\PCNukerPro.vbproj", "{60154D39-7637-4C9D-AEA9-1D81B7B09B66}"
EndProject
Global
	GlobalSection(SolutionConfigurationPlatforms) = preSolution
		Debug|Any CPU = Debug|Any CPU
		Debug|x64 = Debug|x64
		Release|Any CPU = Release|Any CPU
		Release|x64 = Release|x64
	EndGlobalSection
	GlobalSection(ProjectConfigurationPlatforms) = postSolution
		{60154D39-7637-4C9D-AEA9-1D81B7B09B66}.Debug|Any CPU.ActiveCfg = Debug|Any CPU
		{60154D39-7637-4C9D-AEA9-1D81B7B09B66}.Debug|Any CPU.Build.0 = Debug|Any CPU
		{60154D39-7637-4C9D-AEA9-1D81B7B09B66}.Debug|x64.ActiveCfg = Debug|x64
		{60154D39-7637-4C9D-AEA9-1D81B7B09B66}.Debug|x64.Build.0 = Debug|x64
		{60154D39-7637-4C9D-AEA9-1D81B7B09B66}.Release|Any CPU.ActiveCfg = Release|Any CPU
		{60154D39-7637-4C9D-AEA9-1D81B7B09B66}.Release|Any CPU.Build.0 = Release|Any CPU
		{60154D39-7637-4C9D-AEA9-1D81B7B09B66}.Release|x64.ActiveCfg = Release|x64
		{60154D39-7637-4C9D-AEA9-1D81B7B09B66}.Release|x64.Build.0 = Release|x64
	EndGlobalSection
	GlobalSection(SolutionProperties) = preSolution
		HideSolutionNode = FALSE
	EndGlobalSection
	GlobalSection(ExtensibilityGlobals) = postSolution
		SolutionGuid = {09A6F0F6-1ABA-4FE7-AB4E-E1C3EEC45470}
	EndGlobalSection
EndGlobal
